
Microsoft Visual Studio Solution File, Format Version 12.00
# Visual Studio Version 17
VisualStudioVersion = 17.1.32328.378
MinimumVisualStudioVersion = 10.0.40219.1
Project("{FAE04EC0-301F-11D3-BF4B-00C04F79EFBC}") = "Parser", "Parser\Parser.csproj", "{AC65801C-61FE-4098-B377-D5BA36610D52}"
EndProject
Global
	GlobalSection(SolutionConfigurationPlatforms) = preSolution
		Debug|Any CPU = Debug|Any CPU
		Release|Any CPU = Release|Any CPU
	EndGlobalSection
	GlobalSection(ProjectConfigurationPlatforms) = postSolution
		{AC65801C-61FE-4098-B377-D5BA36610D52}.Debug|Any CPU.ActiveCfg = Debug|Any CPU
		{AC65801C-61FE-4098-B377-D5BA36610D52}.Debug|Any CPU.Build.0 = Debug|Any CPU
		{AC65801C-61FE-4098-B377-D5BA36610D52}.Release|Any CPU.ActiveCfg = Release|Any CPU
		{AC65801C-61FE-4098-B377-D5BA36610D52}.Release|Any CPU.Build.0 = Release|Any CPU
	EndGlobalSection
	GlobalSection(SolutionProperties) = preSolution
		HideSolutionNode = FALSE
	EndGlobalSection
	GlobalSection(ExtensibilityGlobals) = postSolution
		SolutionGuid = {D4A1F315-64BF-46A8-B49B-090790F2FB6D}
	EndGlobalSection
EndGlobal
